
Microsoft Visual Studio Solution File, Format Version 12.00
# Visual Studio 15
VisualStudioVersion = 15.0.28307.1259
MinimumVisualStudioVersion = 10.0.40219.1
Project("{FAE04EC0-301F-11D3-BF4B-00C04F79EFBC}") = "BibleVerseApp", "BibleVerseApp\BibleVerseApp.csproj", "{03F26499-1B57-49F9-866C-15EB826F0335}"
EndProject
Global
	GlobalSection(SolutionConfigurationPlatforms) = preSolution
		Debug|Any CPU = Debug|Any CPU
		Release|Any CPU = Release|Any CPU
	EndGlobalSection
	GlobalSection(ProjectConfigurationPlatforms) = postSolution
		{03F26499-1B57-49F9-866C-15EB826F0335}.Debug|Any CPU.ActiveCfg = Debug|Any CPU
		{03F26499-1B57-49F9-866C-15EB826F0335}.Debug|Any CPU.Build.0 = Debug|Any CPU
		{03F26499-1B57-49F9-866C-15EB826F0335}.Release|Any CPU.ActiveCfg = Release|Any CPU
		{03F26499-1B57-49F9-866C-15EB826F0335}.Release|Any CPU.Build.0 = Release|Any CPU
	EndGlobalSection
	GlobalSection(SolutionProperties) = preSolution
		HideSolutionNode = FALSE
	EndGlobalSection
	GlobalSection(ExtensibilityGlobals) = postSolution
		SolutionGuid = {E511D23E-9F87-4798-A433-4EC5417A0A42}
	EndGlobalSection
EndGlobal
